{
  "nodes": {
    "crane": {
      "locked": {
        "lastModified": 1768700043,
        "narHash": "sha256-rfs2aP+wdueJZ6uABaj0e0PavQyzkRJuJX30HNcBPTg=",
        "owner": "ipetkov",
        "repo": "crane",
        "rev": "935de8bd6838d940988bb065be2a2034259327b9",
        "type": "github"
      },
      "original": {
        "owner": "ipetkov",
        "repo": "crane",
        "type": "github"
      }
    },
    "flake-parts": {
      "inputs": {
        "nixpkgs-lib": "nixpkgs-lib"
      },
      "locked": {
        "lastModified": 1768135262,
        "narHash": "sha256-PVvu7OqHBGWN16zSi6tEmPwwHQ4rLPU9Plvs8/1TUBY=",
        "owner": "hercules-ci",
        "repo": "flake-parts",
        "rev": "80daad04eddbbf5a4d883996a73f3f542fa437ac",
        "type": "github"
      },
      "original": {
        "owner": "hercules-ci",
        "repo": "flake-parts",
        "type": "github"
      }
    },
    "nixpkgs": {
      "locked": {
        "lastModified": 1768302833,
        "narHash": "sha256-h5bRFy9bco+8QcK7rGoOiqMxMbmn21moTACofNLRMP4=",
        "owner": "NixOS",
        "repo": "nixpkgs",
        "rev": "61db79b0c6b838d9894923920b612048e1201926",
        "type": "github"
      },
      "original": {
        "owner": "NixOS",
        "ref": "nixpkgs-unstable",
        "repo": "nixpkgs",
        "type": "github"
      }
    },
    "nixpkgs-lib": {
      "locked": {
        "lastModified": 1765674936,
        "narHash": "sha256-k00uTP4JNfmejrCLJOwdObYC9jHRrr/5M/a/8L2EIdo=",
        "owner": "nix-community",
        "repo": "nixpkgs.lib",
        "rev": "2075416fcb47225d9b68ac469a5c4801a9c4dd85",
        "type": "github"
      },
      "original": {
        "owner": "nix-community",
        "repo": "nixpkgs.lib",
        "type": "github"
      }
    },
    "root": {
      "inputs": {
        "crane": "crane",
        "flake-parts": "flake-parts",
        "nixpkgs": "nixpkgs",
        "rust-overlay": "rust-overlay",
        "wit-bindgen": "wit-bindgen"
      }
    },
    "rust-overlay": {
      "inputs": {
        "nixpkgs": [
          "nixpkgs"
        ]
      },
      "locked": {
        "lastModified": 1768272338,
        "narHash": "sha256-Tg/kL8eKMpZtceDvBDQYU8zowgpr7ucFRnpP/AtfuRM=",
        "owner": "oxalica",
        "repo": "rust-overlay",
        "rev": "03dda130a8701b08b0347fcaf850a190c53a3c1e",
        "type": "github"
      },
      "original": {
        "owner": "oxalica",
        "repo": "rust-overlay",
        "type": "github"
      }
    },
    "wit-bindgen": {
      "flake": false,
      "locked": {
        "lastModified": 1768589734,
        "narHash": "sha256-cm9JbmSyj8RR6UcktofPFwU/iZBwfH/6HhqAlfRNcaA=",
        "owner": "bytecodealliance",
        "repo": "wit-bindgen",
        "rev": "822fdb1ae6279933be9f0a6b18901adf9997398d",
        "type": "github"
      },
      "original": {
        "owner": "bytecodealliance",
        "repo": "wit-bindgen",
        "type": "github"
      }
    }
  },
  "root": "root",
  "version": 7
}
